
Microsoft Visual Studio Solution File, Format Version 12.00
# Visual Studio 2012
Project("{FAE04EC0-301F-11D3-BF4B-00C04F79EFBC}") = "TA_VS12", "TA_VS12\TA_VS12.csproj", "{DE494F41-B6BC-47EC-A8D4-38E61F5B041F}"
EndProject
Global
	GlobalSection(SolutionConfigurationPlatforms) = preSolution
		Debug|Any CPU = Debug|Any CPU
		Release|Any CPU = Release|Any CPU
	EndGlobalSection
	GlobalSection(ProjectConfigurationPlatforms) = postSolution
		{DE494F41-B6BC-47EC-A8D4-38E61F5B041F}.Debug|Any CPU.ActiveCfg = Debug|Any CPU
		{DE494F41-B6BC-47EC-A8D4-38E61F5B041F}.Debug|Any CPU.Build.0 = Debug|Any CPU
		{DE494F41-B6BC-47EC-A8D4-38E61F5B041F}.Release|Any CPU.ActiveCfg = Release|Any CPU
		{DE494F41-B6BC-47EC-A8D4-38E61F5B041F}.Release|Any CPU.Build.0 = Release|Any CPU
	EndGlobalSection
	GlobalSection(SolutionProperties) = preSolution
		HideSolutionNode = FALSE
	EndGlobalSection
EndGlobal
